
Microsoft Visual Studio Solution File, Format Version 12.00
# Visual Studio Version 17
VisualStudioVersion = 17.9.34723.18
MinimumVisualStudioVersion = 10.0.40219.1
Project("{2150E333-8FDC-42A3-9474-1A3956D46DE8}") = "Common", "Common", "{AFAA0841-BD93-466F-B8F4-FB4EEC86F1FC}"
EndProject
Project("{2150E333-8FDC-42A3-9474-1A3956D46DE8}") = "FormApplication", "FormApplication", "{3BA60870-0375-4710-BE0F-6940D6734781}"
EndProject
Project("{9A19103F-16F7-4668-BE54-9A1E7A4F7556}") = "RoadOfGroping.Core", "RoadOfGroping.Core\RoadOfGroping.Core.csproj", "{FE9A69F8-DC7F-4D00-956A-A0B40B236F67}"
EndProject
Project("{9A19103F-16F7-4668-BE54-9A1E7A4F7556}") = "RoadOfGroping.Host", "RoadOfGroping.Host\RoadOfGroping.Host.csproj", "{33C913C6-86BC-43FA-8AD7-79ADB9E717AF}"
EndProject
Project("{9A19103F-16F7-4668-BE54-9A1E7A4F7556}") = "RoadOfGroping.Common", "Common\RoadOfGroping.Common\RoadOfGroping.Common.csproj", "{E1BE7740-9442-4320-AE56-DC040C46AACD}"
EndProject
Project("{9A19103F-16F7-4668-BE54-9A1E7A4F7556}") = "RoadOfGroping.EntityFramework", "RoadOfGroping.EntityFramework\RoadOfGroping.EntityFramework.csproj", "{38E993D4-BC2F-4EDB-82B2-6D280A31C37F}"
EndProject
Project("{9A19103F-16F7-4668-BE54-9A1E7A4F7556}") = "RoadOfGroping.Model", "Common\RoadOfGroping.Model\RoadOfGroping.Model.csproj", "{F520EE51-E608-4457-A89F-240E2520E932}"
EndProject
Project("{9A19103F-16F7-4668-BE54-9A1E7A4F7556}") = "RoadOfGroping.Repository", "Common\RoadOfGroping.Repository\RoadOfGroping.Repository.csproj", "{C555C6B0-B735-4EF1-A372-DD4AB74384B9}"
EndProject
Project("{9A19103F-16F7-4668-BE54-9A1E7A4F7556}") = "RoadOfGroping.Application", "RoadOfGroping.Application\RoadOfGroping.Application.csproj", "{2A820F1B-CD7F-4728-BC07-CB3BE0DB9944}"
EndProject
Project("{9A19103F-16F7-4668-BE54-9A1E7A4F7556}") = "SignalRWpfApp", "FormApplication\SignalRWpfApp\SignalRWpfApp.csproj", "{A67BF940-59A5-4303-A88B-8FC326F580FB}"
EndProject
Project("{FAE04EC0-301F-11D3-BF4B-00C04F79EFBC}") = "SematicKernelApp", "FormApplication\SematicKernelApp\SematicKernelApp.csproj", "{19F21C05-53CC-4582-8C5B-791FD09BFCBC}"
EndProject
Global
	GlobalSection(SolutionConfigurationPlatforms) = preSolution
		Debug|Any CPU = Debug|Any CPU
		Release|Any CPU = Release|Any CPU
	EndGlobalSection
	GlobalSection(ProjectConfigurationPlatforms) = postSolution
		{FE9A69F8-DC7F-4D00-956A-A0B40B236F67}.Debug|Any CPU.ActiveCfg = Debug|Any CPU
		{FE9A69F8-DC7F-4D00-956A-A0B40B236F67}.Debug|Any CPU.Build.0 = Debug|Any CPU
		{FE9A69F8-DC7F-4D00-956A-A0B40B236F67}.Release|Any CPU.ActiveCfg = Release|Any CPU
		{FE9A69F8-DC7F-4D00-956A-A0B40B236F67}.Release|Any CPU.Build.0 = Release|Any CPU
		{33C913C6-86BC-43FA-8AD7-79ADB9E717AF}.Debug|Any CPU.ActiveCfg = Debug|Any CPU
		{33C913C6-86BC-43FA-8AD7-79ADB9E717AF}.Debug|Any CPU.Build.0 = Debug|Any CPU
		{33C913C6-86BC-43FA-8AD7-79ADB9E717AF}.Release|Any CPU.ActiveCfg = Release|Any CPU
		{33C913C6-86BC-43FA-8AD7-79ADB9E717AF}.Release|Any CPU.Build.0 = Release|Any CPU
		{E1BE7740-9442-4320-AE56-DC040C46AACD}.Debug|Any CPU.ActiveCfg = Debug|Any CPU
		{E1BE7740-9442-4320-AE56-DC040C46AACD}.Debug|Any CPU.Build.0 = Debug|Any CPU
		{E1BE7740-9442-4320-AE56-DC040C46AACD}.Release|Any CPU.ActiveCfg = Release|Any CPU
		{E1BE7740-9442-4320-AE56-DC040C46AACD}.Release|Any CPU.Build.0 = Release|Any CPU
		{38E993D4-BC2F-4EDB-82B2-6D280A31C37F}.Debug|Any CPU.ActiveCfg = Debug|Any CPU
		{38E993D4-BC2F-4EDB-82B2-6D280A31C37F}.Debug|Any CPU.Build.0 = Debug|Any CPU
		{38E993D4-BC2F-4EDB-82B2-6D280A31C37F}.Release|Any CPU.ActiveCfg = Release|Any CPU
		{38E993D4-BC2F-4EDB-82B2-6D280A31C37F}.Release|Any CPU.Build.0 = Release|Any CPU
		{F520EE51-E608-4457-A89F-240E2520E932}.Debug|Any CPU.ActiveCfg = Debug|Any CPU
		{F520EE51-E608-4457-A89F-240E2520E932}.Debug|Any CPU.Build.0 = Debug|Any CPU
		{F520EE51-E608-4457-A89F-240E2520E932}.Release|Any CPU.ActiveCfg = Release|Any CPU
		{F520EE51-E608-4457-A89F-240E2520E932}.Release|Any CPU.Build.0 = Release|Any CPU
		{C555C6B0-B735-4EF1-A372-DD4AB74384B9}.Debug|Any CPU.ActiveCfg = Debug|Any CPU
		{C555C6B0-B735-4EF1-A372-DD4AB74384B9}.Debug|Any CPU.Build.0 = Debug|Any CPU
		{C555C6B0-B735-4EF1-A372-DD4AB74384B9}.Release|Any CPU.ActiveCfg = Release|Any CPU
		{C555C6B0-B735-4EF1-A372-DD4AB74384B9}.Release|Any CPU.Build.0 = Release|Any CPU
		{2A820F1B-CD7F-4728-BC07-CB3BE0DB9944}.Debug|Any CPU.ActiveCfg = Debug|Any CPU
		{2A820F1B-CD7F-4728-BC07-CB3BE0DB9944}.Debug|Any CPU.Build.0 = Debug|Any CPU
		{2A820F1B-CD7F-4728-BC07-CB3BE0DB9944}.Release|Any CPU.ActiveCfg = Release|Any CPU
		{2A820F1B-CD7F-4728-BC07-CB3BE0DB9944}.Release|Any CPU.Build.0 = Release|Any CPU
		{A67BF940-59A5-4303-A88B-8FC326F580FB}.Debug|Any CPU.ActiveCfg = Debug|Any CPU
		{A67BF940-59A5-4303-A88B-8FC326F580FB}.Debug|Any CPU.Build.0 = Debug|Any CPU
		{A67BF940-59A5-4303-A88B-8FC326F580FB}.Release|Any CPU.ActiveCfg = Release|Any CPU
		{A67BF940-59A5-4303-A88B-8FC326F580FB}.Release|Any CPU.Build.0 = Release|Any CPU
		{19F21C05-53CC-4582-8C5B-791FD09BFCBC}.Debug|Any CPU.ActiveCfg = Debug|Any CPU
		{19F21C05-53CC-4582-8C5B-791FD09BFCBC}.Debug|Any CPU.Build.0 = Debug|Any CPU
		{19F21C05-53CC-4582-8C5B-791FD09BFCBC}.Release|Any CPU.ActiveCfg = Release|Any CPU
		{19F21C05-53CC-4582-8C5B-791FD09BFCBC}.Release|Any CPU.Build.0 = Release|Any CPU
	EndGlobalSection
	GlobalSection(SolutionProperties) = preSolution
		HideSolutionNode = FALSE
	EndGlobalSection
	GlobalSection(NestedProjects) = preSolution
		{E1BE7740-9442-4320-AE56-DC040C46AACD} = {AFAA0841-BD93-466F-B8F4-FB4EEC86F1FC}
		{F520EE51-E608-4457-A89F-240E2520E932} = {AFAA0841-BD93-466F-B8F4-FB4EEC86F1FC}
		{C555C6B0-B735-4EF1-A372-DD4AB74384B9} = {AFAA0841-BD93-466F-B8F4-FB4EEC86F1FC}
		{A67BF940-59A5-4303-A88B-8FC326F580FB} = {3BA60870-0375-4710-BE0F-6940D6734781}
		{19F21C05-53CC-4582-8C5B-791FD09BFCBC} = {3BA60870-0375-4710-BE0F-6940D6734781}
	EndGlobalSection
	GlobalSection(ExtensibilityGlobals) = postSolution
		SolutionGuid = {A77C2C63-075D-4BAB-A5DD-65B3FD3F000C}
	EndGlobalSection
EndGlobal
